{
    "_readme": [
        "This file locks the dependencies of your project to a known state",
        "Read more about it at http://getcomposer.org/doc/01-basic-usage.md#composer-lock-the-lock-file",
        "This file is @generated automatically"
    ],
    "hash": "af00e1a9bafc74d1a8b02ed974f41225",
    "packages": [
        {
            "name": "conekta/conekta-php",
            "version": "dev-master",
            "source": {
                "type": "git",
                "url": "https://github.com/conekta/conekta-php.git",
                "reference": "f44a72a98136473bcecd2059959d28b6e840e947"
            },
            "dist": {
                "type": "zip",
                "url": "https://api.github.com/repos/conekta/conekta-php/zipball/f44a72a98136473bcecd2059959d28b6e840e947",
                "reference": "f44a72a98136473bcecd2059959d28b6e840e947",
                "shasum": ""
            },
            "require": {
                "ext-curl": "*",
                "ext-json": "*",
                "ext-mbstring": "*",
                "php": ">=5.2"
            },
            "require-dev": {
                "simpletest/simpletest": "*"
            },
            "type": "library",
            "autoload": {
                "classmap": [
                    "lib/Conekta/"
                ]
            },
            "notification-url": "https://packagist.org/downloads/",
            "license": [
                "MIT"
            ],
            "authors": [
                {
                    "name": "Conekta  and contributors",
                    "homepage": "https://github.com/conekta/conekta-php/contributors"
                }
            ],
            "description": "PHP  Library",
            "homepage": "https://www.conekta.io/",
            "keywords": [
                "api",
                "conekta",
                "payment processing"
            ],
            "time": "2014-11-07 17:14:35"
        }
    ],
    "packages-dev": [],
    "aliases": [],
    "minimum-stability": "stable",
    "stability-flags": {
        "conekta/conekta-php": 20
    },
    "prefer-stable": false,
    "prefer-lowest": false,
    "platform": {
        "php": ">=5.3.0"
    },
    "platform-dev": []
}
